// !$*UTF8*$!
{
	archiveVersion = 1;
	classes = {
	};
	objectVersion = 77;
	objects = {

/* Begin PBXBuildFile section */
		957AC0DA2F0D2E6200CCCF2F /* qwen2.5-1.5b-instruct-q4_k_m.gguf in Resources */ = {isa = PBXBuildFile; fileRef = 957AC0D92F0D2E6200CCCF2F /* qwen2.5-1.5b-instruct-q4_k_m.gguf */; };
		957AC0DF2F0D3FED00CCCF2F /* LlamaSwift in Frameworks */ = {isa = PBXBuildFile; productRef = 957AC0DE2F0D3FED00CCCF2F /* LlamaSwift */; };
		95C765B32ED6F60100F544A0 /* AudioEncoder.mlmodelc in Resources */ = {isa = PBXBuildFile; fileRef = 95C765AD2ED6F60100F544A0 /* AudioEncoder.mlmodelc */; };
		95C765B42ED6F60100F544A0 /* TextDecoder.mlmodelc in Resources */ = {isa = PBXBuildFile; fileRef = 95C765B12ED6F60100F544A0 /* TextDecoder.mlmodelc */; };
		95C765B52ED6F60100F544A0 /* generation_config.json in Resources */ = {isa = PBXBuildFile; fileRef = 95C765AF2ED6F60100F544A0 /* generation_config.json */; };
		95C765B62ED6F60100F544A0 /* config.json in Resources */ = {isa = PBXBuildFile; fileRef = 95C765AE2ED6F60100F544A0 /* config.json */; };
		95C765B72ED6F60100F544A0 /* MelSpectrogram.mlmodelc in Resources */ = {isa = PBXBuildFile; fileRef = 95C765B02ED6F60100F544A0 /* MelSpectrogram.mlmodelc */; };
		95FDBB0C2ED62A0500CCA154 /* WhisperKit in Frameworks */ = {isa = PBXBuildFile; productRef = 95FDBB0B2ED62A0500CCA154 /* WhisperKit */; };
/* End PBXBuildFile section */

/* Begin PBXFileReference section */
		9561BA4A2ED4C57B00883768 /* voice_record_itmo.app */ = {isa = PBXFileReference; explicitFileType = wrapper.application; includeInIndex = 0; path = voice_record_itmo.app; sourceTree = BUILT_PRODUCTS_DIR; };
		957AC0D92F0D2E6200CCCF2F /* qwen2.5-1.5b-instruct-q4_k_m.gguf */ = {isa = PBXFileReference; lastKnownFileType = file; path = "qwen2.5-1.5b-instruct-q4_k_m.gguf"; sourceTree = "<group>"; };
		95C765AD2ED6F60100F544A0 /* AudioEncoder.mlmodelc */ = {isa = PBXFileReference; lastKnownFileType = wrapper; path = AudioEncoder.mlmodelc; sourceTree = "<group>"; };
		95C765AE2ED6F60100F544A0 /* config.json */ = {isa = PBXFileReference; lastKnownFileType = text.json; path = config.json; sourceTree = "<group>"; };
		95C765AF2ED6F60100F544A0 /* generation_config.json */ = {isa = PBXFileReference; lastKnownFileType = text.json; path = generation_config.json; sourceTree = "<group>"; };
		95C765B02ED6F60100F544A0 /* MelSpectrogram.mlmodelc */ = {isa = PBXFileReference; lastKnownFileType = wrapper; path = MelSpectrogram.mlmodelc; sourceTree = "<group>"; };
		95C765B12ED6F60100F544A0 /* TextDecoder.mlmodelc */ = {isa = PBXFileReference; lastKnownFileType = wrapper; path = TextDecoder.mlmodelc; sourceTree = "<group>"; };
		95C766202ED761F400F544A0 /* memory.entitlements */ = {isa = PBXFileReference; lastKnownFileType = text.plist.entitlements; path = memory.entitlements; sourceTree = "<group>"; };
/* End PBXFileReference section */

/* Begin PBXFileSystemSynchronizedBuildFileExceptionSet section */
		9561BA5C2ED4C57C00883768 /* Exceptions for "voice_record_itmo" folder in "voice_record_itmo" target */ = {
			isa = PBXFileSystemSynchronizedBuildFileExceptionSet;
			membershipExceptions = (
				Info.plist,
			);
			target = 9561BA492ED4C57B00883768 /* voice_record_itmo */;
		};
/* End PBXFileSystemSynchronizedBuildFileExceptionSet section */

/* Begin PBXFileSystemSynchronizedRootGroup section */
		9561BA4C2ED4C57B00883768 /* voice_record_itmo */ = {
			isa = PBXFileSystemSynchronizedRootGroup;
			exceptions = (
				9561BA5C2ED4C57C00883768 /* Exceptions for "voice_record_itmo" folder in "voice_record_itmo" target */,
			);
			path = voice_record_itmo;
			sourceTree = "<group>";
		};
/* End PBXFileSystemSynchronizedRootGroup section */

/* Begin PBXFrameworksBuildPhase section */
		9561BA472ED4C57B00883768 /* Frameworks */ = {
			isa = PBXFrameworksBuildPhase;
			buildActionMask = 2147483647;
			files = (
				957AC0DF2F0D3FED00CCCF2F /* LlamaSwift in Frameworks */,
				95FDBB0C2ED62A0500CCA154 /* WhisperKit in Frameworks */,
			);
			runOnlyForDeploymentPostprocessing = 0;
		};
/* End PBXFrameworksBuildPhase section */

/* Begin PBXGroup section */
		9561BA412ED4C57B00883768 = {
			isa = PBXGroup;
			children = (
				95C765B22ED6F60100F544A0 /* openai_whisper-small */,
				9561BA4C2ED4C57B00883768 /* voice_record_itmo */,
				9561BA4B2ED4C57B00883768 /* Products */,
				95C766202ED761F400F544A0 /* memory.entitlements */,
				957AC0D92F0D2E6200CCCF2F /* qwen2.5-1.5b-instruct-q4_k_m.gguf */,
			);
			sourceTree = "<group>";
		};
		9561BA4B2ED4C57B00883768 /* Products */ = {
			isa = PBXGroup;
			children = (
				9561BA4A2ED4C57B00883768 /* voice_record_itmo.app */,
			);
			name = Products;
			sourceTree = "<group>";
		};
		95C765B22ED6F60100F544A0 /* openai_whisper-small */ = {
			isa = PBXGroup;
			children = (
				95C765AD2ED6F60100F544A0 /* AudioEncoder.mlmodelc */,
				95C765AE2ED6F60100F544A0 /* config.json */,
				95C765AF2ED6F60100F544A0 /* generation_config.json */,
				95C765B02ED6F60100F544A0 /* MelSpectrogram.mlmodelc */,
				95C765B12ED6F60100F544A0 /* TextDecoder.mlmodelc */,
			);
			path = "openai_whisper-small";
			sourceTree = "<group>";
		};
/* End PBXGroup section */

/* Begin PBXNativeTarget section */
		9561BA492ED4C57B00883768 /* voice_record_itmo */ = {
			isa = PBXNativeTarget;
			buildConfigurationList = 9561BA5D2ED4C57C00883768 /* Build configuration list for PBXNativeTarget "voice_record_itmo" */;
			buildPhases = (
				9561BA462ED4C57B00883768 /* Sources */,
				9561BA472ED4C57B00883768 /* Frameworks */,
				9561BA482ED4C57B00883768 /* Resources */,
			);
			buildRules = (
			);
			dependencies = (
			);
			fileSystemSynchronizedGroups = (
				9561BA4C2ED4C57B00883768 /* voice_record_itmo */,
			);
			name = voice_record_itmo;
			packageProductDependencies = (
				95FDBB0B2ED62A0500CCA154 /* WhisperKit */,
				957AC0DE2F0D3FED00CCCF2F /* LlamaSwift */,
			);
			productName = voice_record_itmo;
			productReference = 9561BA4A2ED4C57B00883768 /* voice_record_itmo.app */;
			productType = "com.apple.product-type.application";
		};
/* End PBXNativeTarget section */

/* Begin PBXProject section */
		9561BA422ED4C57B00883768 /* Project object */ = {
			isa = PBXProject;
			attributes = {
				BuildIndependentTargetsInParallel = 1;
				LastSwiftUpdateCheck = 1600;
				LastUpgradeCheck = 1600;
				TargetAttributes = {
					9561BA492ED4C57B00883768 = {
						CreatedOnToolsVersion = 16.0;
					};
				};
			};
			buildConfigurationList = 9561BA452ED4C57B00883768 /* Build configuration list for PBXProject "voice_record_itmo" */;
			developmentRegion = en;
			hasScannedForEncodings = 0;
			knownRegions = (
				en,
				Base,
				ru,
			);
			mainGroup = 9561BA412ED4C57B00883768;
			minimizedProjectReferenceProxies = 1;
			packageReferences = (
				95FDBB0A2ED62A0500CCA154 /* XCRemoteSwiftPackageReference "WhisperKit" */,
				957AC0DD2F0D3FED00CCCF2F /* XCRemoteSwiftPackageReference "llama" */,
			);
			preferredProjectObjectVersion = 77;
			productRefGroup = 9561BA4B2ED4C57B00883768 /* Products */;
			projectDirPath = "";
			projectRoot = "";
			targets = (
				9561BA492ED4C57B00883768 /* voice_record_itmo */,
			);
		};
/* End PBXProject section */

/* Begin PBXResourcesBuildPhase section */
		9561BA482ED4C57B00883768 /* Resources */ = {
			isa = PBXResourcesBuildPhase;
			buildActionMask = 2147483647;
			files = (
				957AC0DA2F0D2E6200CCCF2F /* qwen2.5-1.5b-instruct-q4_k_m.gguf in Resources */,
				95C765B32ED6F60100F544A0 /* AudioEncoder.mlmodelc in Resources */,
				95C765B42ED6F60100F544A0 /* TextDecoder.mlmodelc in Resources */,
				95C765B52ED6F60100F544A0 /* generation_config.json in Resources */,
				95C765B62ED6F60100F544A0 /* config.json in Resources */,
				95C765B72ED6F60100F544A0 /* MelSpectrogram.mlmodelc in Resources */,
			);
			runOnlyForDeploymentPostprocessing = 0;
		};
/* End PBXResourcesBuildPhase section */

/* Begin PBXSourcesBuildPhase section */
		9561BA462ED4C57B00883768 /* Sources */ = {
			isa = PBXSourcesBuildPhase;
			buildActionMask = 2147483647;
			files = (
			);
			runOnlyForDeploymentPostprocessing = 0;
		};
/* End PBXSourcesBuildPhase section */

/* Begin XCBuildConfiguration section */
		9561BA5E2ED4C57C00883768 /* Debug */ = {
			isa = XCBuildConfiguration;
			buildSettings = {
				ASSETCATALOG_COMPILER_APPICON_NAME = AppIcon;
				ASSETCATALOG_COMPILER_GLOBAL_ACCENT_COLOR_NAME = AccentColor;
				CODE_SIGN_STYLE = Automatic;
				CURRENT_PROJECT_VERSION = 1;
				DEVELOPMENT_TEAM = NS2RKY6UNW;
				GENERATE_INFOPLIST_FILE = YES;
				INFOPLIST_FILE = voice_record_itmo/Info.plist;
				INFOPLIST_KEY_NSMicrophoneUsageDescription = "Дай";
				INFOPLIST_KEY_UIApplicationSupportsIndirectInputEvents = YES;
				INFOPLIST_KEY_UILaunchStoryboardName = LaunchScreen;
				INFOPLIST_KEY_UISupportedInterfaceOrientations = UIInterfaceOrientationPortrait;
				INFOPLIST_KEY_UISupportedInterfaceOrientations_iPad = "UIInterfaceOrientationLandscapeLeft UIInterfaceOrientationLandscapeRight UIInterfaceOrientationPortrait";
				LD_RUNPATH_SEARCH_PATHS = (
					"$(inherited)",
					"@executable_path/Frameworks",
				);
				MARKETING_VERSION = 1.0;
				PRODUCT_BUNDLE_IDENTIFIER = "com.vitalii.voice-record-itmo";
				PRODUCT_NAME = "$(TARGET_NAME)";
				SUPPORTED_PLATFORMS = "iphoneos iphonesimulator";
				SUPPORTS_MACCATALYST = NO;
				SUPPORTS_MAC_DESIGNED_FOR_IPHONE_IPAD = NO;
				SUPPORTS_XR_DESIGNED_FOR_IPHONE_IPAD = NO;
				SWIFT_EMIT_LOC_STRINGS = YES;
				SWIFT_OBJC_BRIDGING_HEADER = "";
				SWIFT_VERSION = 5.0;
				TARGETED_DEVICE_FAMILY = 1;
			};
			name = Debug;
		};
		9561BA5F2ED4C57C00883768 /* Release */ = {
			isa = XCBuildConfiguration;
			buildSettings = {
				ASSETCATALOG_COMPILER_APPICON_NAME = AppIcon;
				ASSETCATALOG_COMPILER_GLOBAL_ACCENT_COLOR_NAME = AccentColor;
				CODE_SIGN_STYLE = Automatic;
				CURRENT_PROJECT_VERSION = 1;
				DEVELOPMENT_TEAM = NS2RKY6UNW;
				GENERATE_INFOPLIST_FILE = YES;
				INFOPLIST_FILE = voice_record_itmo/Info.plist;
				INFOPLIST_KEY_NSMicrophoneUsageDescription = "Дай";
				INFOPLIST_KEY_UIApplicationSupportsIndirectInputEvents = YES;
				INFOPLIST_KEY_UILaunchStoryboardName = LaunchScreen;
				INFOPLIST_KEY_UISupportedInterfaceOrientations = UIInterfaceOrientationPortrait;
				INFOPLIST_KEY_UISupportedInterfaceOrientations_iPad = "UIInterfaceOrientationLandscapeLeft UIInterfaceOrientationLandscapeRight UIInterfaceOrientationPortrait";
				LD_RUNPATH_SEARCH_PATHS = (
					"$(inherited)",
					"@executable_path/Frameworks",
				);
				MARKETING_VERSION = 1.0;
				PRODUCT_BUNDLE_IDENTIFIER = "com.vitalii.voice-record-itmo";
				PRODUCT_NAME = "$(TARGET_NAME)";
				SUPPORTED_PLATFORMS = "iphoneos iphonesimulator";
				SUPPORTS_MACCATALYST = NO;
				SUPPORTS_MAC_DESIGNED_FOR_IPHONE_IPAD = NO;
				SUPPORTS_XR_DESIGNED_FOR_IPHONE_IPAD = NO;
				SWIFT_EMIT_LOC_STRINGS = YES;
				SWIFT_OBJC_BRIDGING_HEADER = "";
				SWIFT_VERSION = 5.0;
				TARGETED_DEVICE_FAMILY = 1;
			};
			name = Release;
		};
		9561BA602ED4C57C00883768 /* Debug */ = {
			isa = XCBuildConfiguration;
			buildSettings = {
				ALWAYS_SEARCH_USER_PATHS = NO;
				ASSETCATALOG_COMPILER_GENERATE_SWIFT_ASSET_SYMBOL_EXTENSIONS = YES;
				CLANG_ANALYZER_NONNULL = YES;
				CLANG_ANALYZER_NUMBER_OBJECT_CONVERSION = YES_AGGRESSIVE;
				CLANG_CXX_LANGUAGE_STANDARD = "gnu++20";
				CLANG_ENABLE_MODULES = YES;
				CLANG_ENABLE_OBJC_ARC = YES;
				CLANG_ENABLE_OBJC_WEAK = YES;
				CLANG_WARN_BLOCK_CAPTURE_AUTORELEASING = YES;
				CLANG_WARN_BOOL_CONVERSION = YES;
				CLANG_WARN_COMMA = YES;
				CLANG_WARN_CONSTANT_CONVERSION = YES;
				CLANG_WARN_DEPRECATED_OBJC_IMPLEMENTATIONS = YES;
				CLANG_WARN_DIRECT_OBJC_ISA_USAGE = YES_ERROR;
				CLANG_WARN_DOCUMENTATION_COMMENTS = YES;
				CLANG_WARN_EMPTY_BODY = YES;
				CLANG_WARN_ENUM_CONVERSION = YES;
				CLANG_WARN_INFINITE_RECURSION = YES;
				CLANG_WARN_INT_CONVERSION = YES;
				CLANG_WARN_NON_LITERAL_NULL_CONVERSION = YES;
				CLANG_WARN_OBJC_IMPLICIT_RETAIN_SELF = YES;
				CLANG_WARN_OBJC_LITERAL_CONVERSION = YES;
				CLANG_WARN_OBJC_ROOT_CLASS = YES_ERROR;
				CLANG_WARN_QUOTED_INCLUDE_IN_FRAMEWORK_HEADER = YES;
				CLANG_WARN_RANGE_LOOP_ANALYSIS = YES;
				CLANG_WARN_STRICT_PROTOTYPES = YES;
				CLANG_WARN_SUSPICIOUS_MOVE = YES;
				CLANG_WARN_UNGUARDED_AVAILABILITY = YES_AGGRESSIVE;
				CLANG_WARN_UNREACHABLE_CODE = YES;
				CLANG_WARN__DUPLICATE_METHOD_MATCH = YES;
				COPY_PHASE_STRIP = NO;
				DEBUG_INFORMATION_FORMAT = dwarf;
				ENABLE_STRICT_OBJC_MSGSEND = YES;
				ENABLE_TESTABILITY = YES;
				ENABLE_USER_SCRIPT_SANDBOXING = YES;
				GCC_C_LANGUAGE_STANDARD = gnu17;
				GCC_DYNAMIC_NO_PIC = NO;
				GCC_NO_COMMON_BLOCKS = YES;
				GCC_OPTIMIZATION_LEVEL = 0;
				GCC_PREPROCESSOR_DEFINITIONS = (
					"DEBUG=1",
					"$(inherited)",
				);
				GCC_WARN_64_TO_32_BIT_CONVERSION = YES;
				GCC_WARN_ABOUT_RETURN_TYPE = YES_ERROR;
				GCC_WARN_UNDECLARED_SELECTOR = YES;
				GCC_WARN_UNINITIALIZED_AUTOS = YES_AGGRESSIVE;
				GCC_WARN_UNUSED_FUNCTION = YES;
				GCC_WARN_UNUSED_VARIABLE = YES;
				INFOPLIST_KEY_CFBundleDisplayName = "Ai Confa";
				IPHONEOS_DEPLOYMENT_TARGET = 18.0;
				LOCALIZATION_PREFERS_STRING_CATALOGS = YES;
				MTL_ENABLE_DEBUG_INFO = INCLUDE_SOURCE;
				MTL_FAST_MATH = YES;
				ONLY_ACTIVE_ARCH = YES;
				SDKROOT = iphoneos;
				SWIFT_ACTIVE_COMPILATION_CONDITIONS = "DEBUG $(inherited)";
				SWIFT_EMIT_LOC_STRINGS = YES;
				SWIFT_OPTIMIZATION_LEVEL = "-Onone";
			};
			name = Debug;
		};
		9561BA612ED4C57C00883768 /* Release */ = {
			isa = XCBuildConfiguration;
			buildSettings = {
				ALWAYS_SEARCH_USER_PATHS = NO;
				ASSETCATALOG_COMPILER_GENERATE_SWIFT_ASSET_SYMBOL_EXTENSIONS = YES;
				CLANG_ANALYZER_NONNULL = YES;
				CLANG_ANALYZER_NUMBER_OBJECT_CONVERSION = YES_AGGRESSIVE;
				CLANG_CXX_LANGUAGE_STANDARD = "gnu++20";
				CLANG_ENABLE_MODULES = YES;
				CLANG_ENABLE_OBJC_ARC = YES;
				CLANG_ENABLE_OBJC_WEAK = YES;
				CLANG_WARN_BLOCK_CAPTURE_AUTORELEASING = YES;
				CLANG_WARN_BOOL_CONVERSION = YES;
				CLANG_WARN_COMMA = YES;
				CLANG_WARN_CONSTANT_CONVERSION = YES;
				CLANG_WARN_DEPRECATED_OBJC_IMPLEMENTATIONS = YES;
				CLANG_WARN_DIRECT_OBJC_ISA_USAGE = YES_ERROR;
				CLANG_WARN_DOCUMENTATION_COMMENTS = YES;
				CLANG_WARN_EMPTY_BODY = YES;
				CLANG_WARN_ENUM_CONVERSION = YES;
				CLANG_WARN_INFINITE_RECURSION = YES;
				CLANG_WARN_INT_CONVERSION = YES;
				CLANG_WARN_NON_LITERAL_NULL_CONVERSION = YES;
				CLANG_WARN_OBJC_IMPLICIT_RETAIN_SELF = YES;
				CLANG_WARN_OBJC_LITERAL_CONVERSION = YES;
				CLANG_WARN_OBJC_ROOT_CLASS = YES_ERROR;
				CLANG_WARN_QUOTED_INCLUDE_IN_FRAMEWORK_HEADER = YES;
				CLANG_WARN_RANGE_LOOP_ANALYSIS = YES;
				CLANG_WARN_STRICT_PROTOTYPES = YES;
				CLANG_WARN_SUSPICIOUS_MOVE = YES;
				CLANG_WARN_UNGUARDED_AVAILABILITY = YES_AGGRESSIVE;
				CLANG_WARN_UNREACHABLE_CODE = YES;
				CLANG_WARN__DUPLICATE_METHOD_MATCH = YES;
				COPY_PHASE_STRIP = NO;
				DEBUG_INFORMATION_FORMAT = "dwarf-with-dsym";
				ENABLE_NS_ASSERTIONS = NO;
				ENABLE_STRICT_OBJC_MSGSEND = YES;
				ENABLE_USER_SCRIPT_SANDBOXING = YES;
				GCC_C_LANGUAGE_STANDARD = gnu17;
				GCC_NO_COMMON_BLOCKS = YES;
				GCC_WARN_64_TO_32_BIT_CONVERSION = YES;
				GCC_WARN_ABOUT_RETURN_TYPE = YES_ERROR;
				GCC_WARN_UNDECLARED_SELECTOR = YES;
				GCC_WARN_UNINITIALIZED_AUTOS = YES_AGGRESSIVE;
				GCC_WARN_UNUSED_FUNCTION = YES;
				GCC_WARN_UNUSED_VARIABLE = YES;
				INFOPLIST_KEY_CFBundleDisplayName = "Ai Confa";
				IPHONEOS_DEPLOYMENT_TARGET = 18.0;
				LOCALIZATION_PREFERS_STRING_CATALOGS = YES;
				MTL_ENABLE_DEBUG_INFO = NO;
				MTL_FAST_MATH = YES;
				SDKROOT = iphoneos;
				SWIFT_COMPILATION_MODE = wholemodule;
				SWIFT_EMIT_LOC_STRINGS = YES;
				VALIDATE_PRODUCT = YES;
			};
			name = Release;
		};
/* End XCBuildConfiguration section */

/* Begin XCConfigurationList section */
		9561BA452ED4C57B00883768 /* Build configuration list for PBXProject "voice_record_itmo" */ = {
			isa = XCConfigurationList;
			buildConfigurations = (
				9561BA602ED4C57C00883768 /* Debug */,
				9561BA612ED4C57C00883768 /* Release */,
			);
			defaultConfigurationIsVisible = 0;
			defaultConfigurationName = Release;
		};
		9561BA5D2ED4C57C00883768 /* Build configuration list for PBXNativeTarget "voice_record_itmo" */ = {
			isa = XCConfigurationList;
			buildConfigurations = (
				9561BA5E2ED4C57C00883768 /* Debug */,
				9561BA5F2ED4C57C00883768 /* Release */,
			);
			defaultConfigurationIsVisible = 0;
			defaultConfigurationName = Release;
		};
/* End XCConfigurationList section */

/* Begin XCRemoteSwiftPackageReference section */
		957AC0DD2F0D3FED00CCCF2F /* XCRemoteSwiftPackageReference "llama" */ = {
			isa = XCRemoteSwiftPackageReference;
			repositoryURL = "https://github.com/mattt/llama.swift";
			requirement = {
				kind = exactVersion;
				version = 2.7642.0;
			};
		};
		95FDBB0A2ED62A0500CCA154 /* XCRemoteSwiftPackageReference "WhisperKit" */ = {
			isa = XCRemoteSwiftPackageReference;
			repositoryURL = "https://github.com/argmaxinc/WhisperKit.git";
			requirement = {
				kind = exactVersion;
				version = 0.15.0;
			};
		};
/* End XCRemoteSwiftPackageReference section */

/* Begin XCSwiftPackageProductDependency section */
		957AC0DE2F0D3FED00CCCF2F /* LlamaSwift */ = {
			isa = XCSwiftPackageProductDependency;
			package = 957AC0DD2F0D3FED00CCCF2F /* XCRemoteSwiftPackageReference "llama" */;
			productName = LlamaSwift;
		};
		95FDBB0B2ED62A0500CCA154 /* WhisperKit */ = {
			isa = XCSwiftPackageProductDependency;
			package = 95FDBB0A2ED62A0500CCA154 /* XCRemoteSwiftPackageReference "WhisperKit" */;
			productName = WhisperKit;
		};
/* End XCSwiftPackageProductDependency section */
	};
	rootObject = 9561BA422ED4C57B00883768 /* Project object */;
}
